
Microsoft Visual Studio Solution File, Format Version 12.00
# Visual Studio Version 17
VisualStudioVersion = 17.8.34525.116
MinimumVisualStudioVersion = 10.0.40219.1
Project("{9A19103F-16F7-4668-BE54-9A1E7A4F7556}") = "CoreDemo", "CoreDemo\CoreDemo.csproj", "{95E904DE-5C4B-4FBB-87D8-616F1B037481}"
EndProject
Project("{9A19103F-16F7-4668-BE54-9A1E7A4F7556}") = "EntityLayer", "EntityLayer\EntityLayer.csproj", "{9FFEEAAC-11D1-4C63-86FC-966F7547632A}"
EndProject
Project("{9A19103F-16F7-4668-BE54-9A1E7A4F7556}") = "DataAccessLayer", "DataAccessLayer\DataAccessLayer.csproj", "{BA68E406-7647-4199-AEF4-3006AB956313}"
EndProject
Project("{9A19103F-16F7-4668-BE54-9A1E7A4F7556}") = "BusinessLayer", "BusinessLayer\BusinessLayer.csproj", "{4BF3FCEB-9651-4681-A97B-7C8E05E6154B}"
EndProject
Project("{FAE04EC0-301F-11D3-BF4B-00C04F79EFBC}") = "CoreLayer", "CoreLayer\CoreLayer.csproj", "{36A07D84-BDA8-4731-8CE2-E058FAAE3337}"
EndProject
Project("{FAE04EC0-301F-11D3-BF4B-00C04F79EFBC}") = "BlogApiDemo", "BlogApiDemo\BlogApiDemo.csproj", "{7906ADDB-E5ED-4D3E-89D2-40DB387145C9}"
EndProject
Project("{FAE04EC0-301F-11D3-BF4B-00C04F79EFBC}") = "jwt_Core_Demo", "jwt_Core_Demo\jwt_Core_Demo.csproj", "{BE110AA4-FE60-49D3-8B12-26A164FE8089}"
EndProject
Global
	GlobalSection(SolutionConfigurationPlatforms) = preSolution
		Debug|Any CPU = Debug|Any CPU
		Release|Any CPU = Release|Any CPU
	EndGlobalSection
	GlobalSection(ProjectConfigurationPlatforms) = postSolution
		{95E904DE-5C4B-4FBB-87D8-616F1B037481}.Debug|Any CPU.ActiveCfg = Debug|Any CPU
		{95E904DE-5C4B-4FBB-87D8-616F1B037481}.Debug|Any CPU.Build.0 = Debug|Any CPU
		{95E904DE-5C4B-4FBB-87D8-616F1B037481}.Release|Any CPU.ActiveCfg = Release|Any CPU
		{95E904DE-5C4B-4FBB-87D8-616F1B037481}.Release|Any CPU.Build.0 = Release|Any CPU
		{9FFEEAAC-11D1-4C63-86FC-966F7547632A}.Debug|Any CPU.ActiveCfg = Debug|Any CPU
		{9FFEEAAC-11D1-4C63-86FC-966F7547632A}.Debug|Any CPU.Build.0 = Debug|Any CPU
		{9FFEEAAC-11D1-4C63-86FC-966F7547632A}.Release|Any CPU.ActiveCfg = Release|Any CPU
		{9FFEEAAC-11D1-4C63-86FC-966F7547632A}.Release|Any CPU.Build.0 = Release|Any CPU
		{BA68E406-7647-4199-AEF4-3006AB956313}.Debug|Any CPU.ActiveCfg = Debug|Any CPU
		{BA68E406-7647-4199-AEF4-3006AB956313}.Debug|Any CPU.Build.0 = Debug|Any CPU
		{BA68E406-7647-4199-AEF4-3006AB956313}.Release|Any CPU.ActiveCfg = Release|Any CPU
		{BA68E406-7647-4199-AEF4-3006AB956313}.Release|Any CPU.Build.0 = Release|Any CPU
		{4BF3FCEB-9651-4681-A97B-7C8E05E6154B}.Debug|Any CPU.ActiveCfg = Debug|Any CPU
		{4BF3FCEB-9651-4681-A97B-7C8E05E6154B}.Debug|Any CPU.Build.0 = Debug|Any CPU
		{4BF3FCEB-9651-4681-A97B-7C8E05E6154B}.Release|Any CPU.ActiveCfg = Release|Any CPU
		{4BF3FCEB-9651-4681-A97B-7C8E05E6154B}.Release|Any CPU.Build.0 = Release|Any CPU
		{36A07D84-BDA8-4731-8CE2-E058FAAE3337}.Debug|Any CPU.ActiveCfg = Debug|Any CPU
		{36A07D84-BDA8-4731-8CE2-E058FAAE3337}.Debug|Any CPU.Build.0 = Debug|Any CPU
		{36A07D84-BDA8-4731-8CE2-E058FAAE3337}.Release|Any CPU.ActiveCfg = Release|Any CPU
		{36A07D84-BDA8-4731-8CE2-E058FAAE3337}.Release|Any CPU.Build.0 = Release|Any CPU
		{7906ADDB-E5ED-4D3E-89D2-40DB387145C9}.Debug|Any CPU.ActiveCfg = Debug|Any CPU
		{7906ADDB-E5ED-4D3E-89D2-40DB387145C9}.Debug|Any CPU.Build.0 = Debug|Any CPU
		{7906ADDB-E5ED-4D3E-89D2-40DB387145C9}.Release|Any CPU.ActiveCfg = Release|Any CPU
		{7906ADDB-E5ED-4D3E-89D2-40DB387145C9}.Release|Any CPU.Build.0 = Release|Any CPU
		{BE110AA4-FE60-49D3-8B12-26A164FE8089}.Debug|Any CPU.ActiveCfg = Debug|Any CPU
		{BE110AA4-FE60-49D3-8B12-26A164FE8089}.Debug|Any CPU.Build.0 = Debug|Any CPU
		{BE110AA4-FE60-49D3-8B12-26A164FE8089}.Release|Any CPU.ActiveCfg = Release|Any CPU
		{BE110AA4-FE60-49D3-8B12-26A164FE8089}.Release|Any CPU.Build.0 = Release|Any CPU
	EndGlobalSection
	GlobalSection(SolutionProperties) = preSolution
		HideSolutionNode = FALSE
	EndGlobalSection
	GlobalSection(ExtensibilityGlobals) = postSolution
		SolutionGuid = {65DBFA3B-9F52-4059-AD5B-91286F05478A}
	EndGlobalSection
EndGlobal
